
Microsoft Visual Studio Solution File, Format Version 12.00
# Visual Studio Express 15 for Windows Desktop
VisualStudioVersion = 15.0.34112.143
MinimumVisualStudioVersion = 10.0.40219.1
Project("{FAE04EC0-301F-11D3-BF4B-00C04F79EFBC}") = "OnnxRuntime_ImageClassification", "OnnxRuntime_ImageClassification\OnnxRuntime_ImageClassification.csproj", "{110770DB-B83B-43C0-8AB2-BB430078EF17}"
EndProject
Global
	GlobalSection(SolutionConfigurationPlatforms) = preSolution
		Debug|Any CPU = Debug|Any CPU
		Release|Any CPU = Release|Any CPU
	EndGlobalSection
	GlobalSection(ProjectConfigurationPlatforms) = postSolution
		{110770DB-B83B-43C0-8AB2-BB430078EF17}.Debug|Any CPU.ActiveCfg = Debug|Any CPU
		{110770DB-B83B-43C0-8AB2-BB430078EF17}.Debug|Any CPU.Build.0 = Debug|Any CPU
		{110770DB-B83B-43C0-8AB2-BB430078EF17}.Release|Any CPU.ActiveCfg = Release|Any CPU
		{110770DB-B83B-43C0-8AB2-BB430078EF17}.Release|Any CPU.Build.0 = Release|Any CPU
	EndGlobalSection
	GlobalSection(SolutionProperties) = preSolution
		HideSolutionNode = FALSE
	EndGlobalSection
	GlobalSection(ExtensibilityGlobals) = postSolution
		SolutionGuid = {D6A7D97D-CB4D-463E-B886-9292D7A12689}
	EndGlobalSection
EndGlobal
